{
  "name": "Maps Scraper",
  "lockfileVersion": 3,
  "requires": true,
  "packages": {
    "": {
      "dependencies": {
        "@aternus/csv-to-xlsx": "^2.1.5",
        "csv-parser": "^3.0.0",
        "csv-writer": "^1.6.0",
        "csvtojson": "^2.0.10",
        "playwright": "^1.43.1"
      }
    },
    "node_modules/@aternus/csv-to-xlsx": {
      "version": "2.1.5",
      "resolved": "https://registry.npmjs.org/@aternus/csv-to-xlsx/-/csv-to-xlsx-2.1.5.tgz",
      "integrity": "sha512-WEAcLN6KbHw+1hqQ/9wdNEMf1KXTaU/VM0gm4J9e8nbr4lq/MtIdgHwx+gYHkp7W2/uC4tw02ZUf6q4DxI+s0g==",
      "dependencies": {
        "commander": "^11.0.0",
        "csv-parse": "^5.0.4",
        "fs-extra": "^11.1.1",
        "xlsx": "https://cdn.sheetjs.com/xlsx-0.20.1/xlsx-0.20.1.tgz"
      },
      "bin": {
        "csv-to-xlsx": "dist/cli/csv-to-xlsx.js"
      },
      "engines": {
        "node": ">=16"
      }
    },
    "node_modules/bluebird": {
      "version": "3.7.2",
      "resolved": "https://registry.npmjs.org/bluebird/-/bluebird-3.7.2.tgz",
      "integrity": "sha512-XpNj6GDQzdfW+r2Wnn7xiSAd7TM3jzkxGXBGTtWKuSXv1xUV+azxAm8jdWZN06QTQk+2N2XB9jRDkvbmQmcRtg=="
    },
    "node_modules/commander": {
      "version": "11.1.0",
      "resolved": "https://registry.npmjs.org/commander/-/commander-11.1.0.tgz",
      "integrity": "sha512-yPVavfyCcRhmorC7rWlkHn15b4wDVgVmBA7kV4QVBsF7kv/9TKJAbAXVTxvTnwP8HHKjRCJDClKbciiYS7p0DQ==",
      "engines": {
        "node": ">=16"
      }
    },
    "node_modules/csv-parse": {
      "version": "5.5.5",
      "resolved": "https://registry.npmjs.org/csv-parse/-/csv-parse-5.5.5.tgz",
      "integrity": "sha512-erCk7tyU3yLWAhk6wvKxnyPtftuy/6Ak622gOO7BCJ05+TYffnPCJF905wmOQm+BpkX54OdAl8pveJwUdpnCXQ=="
    },
    "node_modules/csv-parser": {
      "version": "3.0.0",
      "resolved": "https://registry.npmjs.org/csv-parser/-/csv-parser-3.0.0.tgz",
      "integrity": "sha512-s6OYSXAK3IdKqYO33y09jhypG/bSDHPuyCme/IdEHfWpLf/jKcpitVFyOC6UemgGk8v7Q5u2XE0vvwmanxhGlQ==",
      "dependencies": {
        "minimist": "^1.2.0"
      },
      "bin": {
        "csv-parser": "bin/csv-parser"
      },
      "engines": {
        "node": ">= 10"
      }
    },
    "node_modules/csv-writer": {
      "version": "1.6.0",
      "resolved": "https://registry.npmjs.org/csv-writer/-/csv-writer-1.6.0.tgz",
      "integrity": "sha512-NOx7YDFWEsM/fTRAJjRpPp8t+MKRVvniAg9wQlUKx20MFrPs73WLJhFf5iteqrxNYnsy924K3Iroh3yNHeYd2g=="
    },
    "node_modules/csvtojson": {
      "version": "2.0.10",
      "resolved": "https://registry.npmjs.org/csvtojson/-/csvtojson-2.0.10.tgz",
      "integrity": "sha512-lUWFxGKyhraKCW8Qghz6Z0f2l/PqB1W3AO0HKJzGIQ5JRSlR651ekJDiGJbBT4sRNNv5ddnSGVEnsxP9XRCVpQ==",
      "dependencies": {
        "bluebird": "^3.5.1",
        "lodash": "^4.17.3",
        "strip-bom": "^2.0.0"
      },
      "bin": {
        "csvtojson": "bin/csvtojson"
      },
      "engines": {
        "node": ">=4.0.0"
      }
    },
    "node_modules/fs-extra": {
      "version": "11.2.0",
      "resolved": "https://registry.npmjs.org/fs-extra/-/fs-extra-11.2.0.tgz",
      "integrity": "sha512-PmDi3uwK5nFuXh7XDTlVnS17xJS7vW36is2+w3xcv8SVxiB4NyATf4ctkVY5bkSjX0Y4nbvZCq1/EjtEyr9ktw==",
      "dependencies": {
        "graceful-fs": "^4.2.0",
        "jsonfile": "^6.0.1",
        "universalify": "^2.0.0"
      },
      "engines": {
        "node": ">=14.14"
      }
    },
    "node_modules/fsevents": {
      "version": "2.3.2",
      "resolved": "https://registry.npmjs.org/fsevents/-/fsevents-2.3.2.tgz",
      "integrity": "sha512-xiqMQR4xAeHTuB9uWm+fFRcIOgKBMiOBP+eXiyT7jsgVCq1bkVygt00oASowB7EdtpOHaaPgKt812P9ab+DDKA==",
      "hasInstallScript": true,
      "optional": true,
      "os": [
        "darwin"
      ],
      "engines": {
        "node": "^8.16.0 || ^10.6.0 || >=11.0.0"
      }
    },
    "node_modules/graceful-fs": {
      "version": "4.2.11",
      "resolved": "https://registry.npmjs.org/graceful-fs/-/graceful-fs-4.2.11.tgz",
      "integrity": "sha512-RbJ5/jmFcNNCcDV5o9eTnBLJ/HszWV0P73bc+Ff4nS/rJj+YaS6IGyiOL0VoBYX+l1Wrl3k63h/KrH+nhJ0XvQ=="
    },
    "node_modules/is-utf8": {
      "version": "0.2.1",
      "resolved": "https://registry.npmjs.org/is-utf8/-/is-utf8-0.2.1.tgz",
      "integrity": "sha512-rMYPYvCzsXywIsldgLaSoPlw5PfoB/ssr7hY4pLfcodrA5M/eArza1a9VmTiNIBNMjOGr1Ow9mTyU2o69U6U9Q=="
    },
    "node_modules/jsonfile": {
      "version": "6.1.0",
      "resolved": "https://registry.npmjs.org/jsonfile/-/jsonfile-6.1.0.tgz",
      "integrity": "sha512-5dgndWOriYSm5cnYaJNhalLNDKOqFwyDB/rr1E9ZsGciGvKPs8R2xYGCacuf3z6K1YKDz182fd+fY3cn3pMqXQ==",
      "dependencies": {
        "universalify": "^2.0.0"
      },
      "optionalDependencies": {
        "graceful-fs": "^4.1.6"
      }
    },
    "node_modules/lodash": {
      "version": "4.17.21",
      "resolved": "https://registry.npmjs.org/lodash/-/lodash-4.17.21.tgz",
      "integrity": "sha512-v2kDEe57lecTulaDIuNTPy3Ry4gLGJ6Z1O3vE1krgXZNrsQ+LFTGHVxVjcXPs17LhbZVGedAJv8XZ1tvj5FvSg=="
    },
    "node_modules/minimist": {
      "version": "1.2.8",
      "resolved": "https://registry.npmjs.org/minimist/-/minimist-1.2.8.tgz",
      "integrity": "sha512-2yyAR8qBkN3YuheJanUpWC5U3bb5osDywNB8RzDVlDwDHbocAJveqqj1u8+SVD7jkWT4yvsHCpWqqWqAxb0zCA==",
      "funding": {
        "url": "https://github.com/sponsors/ljharb"
      }
    },
    "node_modules/playwright": {
      "version": "1.43.1",
      "resolved": "https://registry.npmjs.org/playwright/-/playwright-1.43.1.tgz",
      "integrity": "sha512-V7SoH0ai2kNt1Md9E3Gwas5B9m8KR2GVvwZnAI6Pg0m3sh7UvgiYhRrhsziCmqMJNouPckiOhk8T+9bSAK0VIA==",
      "dependencies": {
        "playwright-core": "1.43.1"
      },
      "bin": {
        "playwright": "cli.js"
      },
      "engines": {
        "node": ">=16"
      },
      "optionalDependencies": {
        "fsevents": "2.3.2"
      }
    },
    "node_modules/playwright-core": {
      "version": "1.43.1",
      "resolved": "https://registry.npmjs.org/playwright-core/-/playwright-core-1.43.1.tgz",
      "integrity": "sha512-EI36Mto2Vrx6VF7rm708qSnesVQKbxEWvPrfA1IPY6HgczBplDx7ENtx+K2n4kJ41sLLkuGfmb0ZLSSXlDhqPg==",
      "bin": {
        "playwright-core": "cli.js"
      },
      "engines": {
        "node": ">=16"
      }
    },
    "node_modules/strip-bom": {
      "version": "2.0.0",
      "resolved": "https://registry.npmjs.org/strip-bom/-/strip-bom-2.0.0.tgz",
      "integrity": "sha512-kwrX1y7czp1E69n2ajbG65mIo9dqvJ+8aBQXOGVxqwvNbsXdFM6Lq37dLAY3mknUwru8CfcCbfOLL/gMo+fi3g==",
      "dependencies": {
        "is-utf8": "^0.2.0"
      },
      "engines": {
        "node": ">=0.10.0"
      }
    },
    "node_modules/universalify": {
      "version": "2.0.1",
      "resolved": "https://registry.npmjs.org/universalify/-/universalify-2.0.1.tgz",
      "integrity": "sha512-gptHNQghINnc/vTGIk0SOFGFNXw7JVrlRUtConJRlvaw6DuX0wO5Jeko9sWrMBhh+PsYAZ7oXAiOnf/UKogyiw==",
      "engines": {
        "node": ">= 10.0.0"
      }
    },
    "node_modules/xlsx": {
      "version": "0.20.1",
      "resolved": "https://cdn.sheetjs.com/xlsx-0.20.1/xlsx-0.20.1.tgz",
      "integrity": "sha512-hA7SYmn/H3cJ1VGi7kmSKxbEXCEn5UVJlwYFSFXhLe54wPUvW+80TmR5l+TZh4nJCw8G/e0SuZUfvqlTIh40hw==",
      "license": "Apache-2.0",
      "bin": {
        "xlsx": "bin/xlsx.njs"
      },
      "engines": {
        "node": ">=0.8"
      }
    }
  }
}
